{
  "version": 4,
  "terraform_version": "1.0.0",
  "serial": 425,
  "lineage": "c8c12e49-8297-1e7e-7e10-fe95801b80fd",
  "outputs": {
    "sqs_url": {
      "value": "https://sqs.us-west-2.amazonaws.com/433735210442/ws_notification_callback",
      "type": "string"
    },
    "ws_queue_rest_endpoint": {
      "value": "https://c3was2m17l.execute-api.us-west-2.amazonaws.com/prd/queue",
      "type": "string"
    },
    "ws_url": {
      "value": "wss://ftcmdu6go7.execute-api.us-west-2.amazonaws.com/prd",
      "type": "string"
    }
  },
  "resources": [
    {
      "mode": "data",
      "type": "archive_file",
      "name": "zip_code",
      "provider": "provider[\"registry.terraform.io/hashicorp/archive\"]",
      "instances": [
        {
          "schema_version": 0,
          "attributes": {
            "excludes": null,
            "id": "69c9b8854c774c9dd3976d88939fbbf7d591c6c6",
            "output_base64sha256": "66G0ZI+a/p6MMoXf0mDQcOMnhQJU7tarWpvM9lCEiCY=",
            "output_file_mode": "0666",
            "output_md5": "cf944d991fdfbe2925934c5f76c501d5",
            "output_path": "dist/lambda.zip",
            "output_sha": "69c9b8854c774c9dd3976d88939fbbf7d591c6c6",
            "output_size": 9753494,
            "source": [],
            "source_content": null,
            "source_content_filename": null,
            "source_dir": "../app",
            "source_file": null,
            "type": "zip"
          },
          "sensitive_attributes": []
        }
      ]
    },
    {
      "mode": "data",
      "type": "aws_caller_identity",
      "name": "current",
      "provider": "provider[\"registry.terraform.io/hashicorp/aws\"]",
      "instances": [
        {
          "schema_version": 0,
          "attributes": {
            "account_id": "433735210442",
            "arn": "arn:aws:iam::433735210442:user/averdecia",
            "id": "433735210442",
            "user_id": "AIDAJSLISP3Q266C55SWM"
          },
          "sensitive_attributes": []
        }
      ]
    },
    {
      "mode": "data",
      "type": "aws_region",
      "name": "current",
      "provider": "provider[\"registry.terraform.io/hashicorp/aws\"]",
      "instances": [
        {
          "schema_version": 0,
          "attributes": {
            "description": "US West (Oregon)",
            "endpoint": "ec2.us-west-2.amazonaws.com",
            "id": "us-west-2",
            "name": "us-west-2"
          },
          "sensitive_attributes": []
        }
      ]
    },
    {
      "mode": "data",
      "type": "template_file",
      "name": "gateway_policy",
      "provider": "provider[\"registry.terraform.io/hashicorp/template\"]",
      "instances": [
        {
          "schema_version": 0,
          "attributes": {
            "filename": null,
            "id": "4c18943fa878678ccea9a333de815230920bbb4e5a72de0e97d38fc9d98b5e69",
            "rendered": "{\n    \"Version\": \"2012-10-17\",\n    \"Statement\": [\n      {\n        \"Effect\": \"Allow\",\n        \"Action\": [\n          \"logs:CreateLogGroup\",\n          \"logs:CreateLogStream\",\n          \"logs:DescribeLogGroups\",\n          \"logs:DescribeLogStreams\",\n          \"logs:PutLogEvents\",\n          \"logs:GetLogEvents\",\n          \"logs:FilterLogEvents\"\n        ],\n        \"Resource\": \"*\"\n      },\n      {\n        \"Effect\": \"Allow\",\n        \"Action\": [\n          \"sqs:GetQueueUrl\",\n          \"sqs:ChangeMessageVisibility\",\n          \"sqs:ListDeadLetterSourceQueues\",\n          \"sqs:SendMessageBatch\",\n          \"sqs:PurgeQueue\",\n          \"sqs:ReceiveMessage\",\n          \"sqs:SendMessage\",\n          \"sqs:GetQueueAttributes\",\n          \"sqs:CreateQueue\",\n          \"sqs:ListQueueTags\",\n          \"sqs:ChangeMessageVisibilityBatch\",\n          \"sqs:SetQueueAttributes\"\n        ],\n        \"Resource\": \"arn:aws:sqs:us-west-2:433735210442:ws_notification_callback\"\n      },\n      {\n        \"Effect\": \"Allow\",\n        \"Action\": \"sqs:ListQueues\",\n        \"Resource\": \"*\"\n      }      \n    ]\n}",
            "template": "{\n    \"Version\": \"2012-10-17\",\n    \"Statement\": [\n      {\n        \"Effect\": \"Allow\",\n        \"Action\": [\n          \"logs:CreateLogGroup\",\n          \"logs:CreateLogStream\",\n          \"logs:DescribeLogGroups\",\n          \"logs:DescribeLogStreams\",\n          \"logs:PutLogEvents\",\n          \"logs:GetLogEvents\",\n          \"logs:FilterLogEvents\"\n        ],\n        \"Resource\": \"*\"\n      },\n      {\n        \"Effect\": \"Allow\",\n        \"Action\": [\n          \"sqs:GetQueueUrl\",\n          \"sqs:ChangeMessageVisibility\",\n          \"sqs:ListDeadLetterSourceQueues\",\n          \"sqs:SendMessageBatch\",\n          \"sqs:PurgeQueue\",\n          \"sqs:ReceiveMessage\",\n          \"sqs:SendMessage\",\n          \"sqs:GetQueueAttributes\",\n          \"sqs:CreateQueue\",\n          \"sqs:ListQueueTags\",\n          \"sqs:ChangeMessageVisibilityBatch\",\n          \"sqs:SetQueueAttributes\"\n        ],\n        \"Resource\": \"${sqs_arn}\"\n      },\n      {\n        \"Effect\": \"Allow\",\n        \"Action\": \"sqs:ListQueues\",\n        \"Resource\": \"*\"\n      }      \n    ]\n}",
            "vars": {
              "sqs_arn": "arn:aws:sqs:us-west-2:433735210442:ws_notification_callback"
            }
          },
          "sensitive_attributes": []
        }
      ]
    },
    {
      "mode": "data",
      "type": "template_file",
      "name": "lambda_policy",
      "provider": "provider[\"registry.terraform.io/hashicorp/template\"]",
      "instances": [
        {
          "schema_version": 0,
          "attributes": {
            "filename": null,
            "id": "beb9826fb76c0cc9547809b964f7fcbf143695e0a5a3f75259e723c22a223f14",
            "rendered": "{\n    \"Version\": \"2012-10-17\",\n    \"Statement\": [\n      {\n        \"Effect\": \"Allow\",\n        \"Action\": [\n          \"logs:CreateLogGroup\",\n          \"logs:CreateLogStream\",\n          \"logs:PutLogEvents\",\n          \"logs:GetLogEvents\"\n        ],\n        \"Resource\": \"arn:aws:logs:us-west-2:433735210442:*\"\n      },\n      {\n        \"Effect\": \"Allow\",\n        \"Action\": [\n            \"dynamodb:GetItem\",\n            \"dynamodb:BatchGetItem\",\n            \"dynamodb:PutItem\",\n            \"dynamodb:DeleteItem\",\n            \"dynamodb:Scan\",\n            \"dynamodb:Query\",\n            \"dynamodb:UpdateItem\",\n            \"dynamodb:GetShardIterator\",\n            \"dynamodb:GetRecords\"\n        ],\n        \"Resource\": \"arn:aws:dynamodb:*:*:table/*\"\n      },\n      {\n        \"Effect\": \"Allow\",\n        \"Action\": [\n            \"execute-api:ManageConnections\"\n        ],\n        \"Resource\": \"arn:aws:execute-api:us-west-2:433735210442:ftcmdu6go7/*\"\n      },\n      {\n        \"Effect\": \"Allow\",\n        \"Action\": [\n            \"sqs:SendMessage\",\n            \"sqs:ReceiveMessage\",\n            \"sqs:DeleteMessage\",\n            \"sqs:GetQueueAttributes\"\n        ],\n        \"Resource\": \"arn:aws:sqs:us-west-2:433735210442:ws_notification_callback\"\n      }     \n    ]\n}",
            "template": "{\n    \"Version\": \"2012-10-17\",\n    \"Statement\": [\n      {\n        \"Effect\": \"Allow\",\n        \"Action\": [\n          \"logs:CreateLogGroup\",\n          \"logs:CreateLogStream\",\n          \"logs:PutLogEvents\",\n          \"logs:GetLogEvents\"\n        ],\n        \"Resource\": \"arn:aws:logs:${region}:${account_id}:*\"\n      },\n      {\n        \"Effect\": \"Allow\",\n        \"Action\": [\n            \"dynamodb:GetItem\",\n            \"dynamodb:BatchGetItem\",\n            \"dynamodb:PutItem\",\n            \"dynamodb:DeleteItem\",\n            \"dynamodb:Scan\",\n            \"dynamodb:Query\",\n            \"dynamodb:UpdateItem\",\n            \"dynamodb:GetShardIterator\",\n            \"dynamodb:GetRecords\"\n        ],\n        \"Resource\": \"arn:aws:dynamodb:*:*:table/*\"\n      },\n      {\n        \"Effect\": \"Allow\",\n        \"Action\": [\n            \"execute-api:ManageConnections\"\n        ],\n        \"Resource\": \"${api_execution_arn}/*\"\n      },\n      {\n        \"Effect\": \"Allow\",\n        \"Action\": [\n            \"sqs:SendMessage\",\n            \"sqs:ReceiveMessage\",\n            \"sqs:DeleteMessage\",\n            \"sqs:GetQueueAttributes\"\n        ],\n        \"Resource\": \"${sqs_arn}\"\n      }     \n    ]\n}",
            "vars": {
              "account_id": "433735210442",
              "api_execution_arn": "arn:aws:execute-api:us-west-2:433735210442:ftcmdu6go7",
              "region": "us-west-2",
              "sqs_arn": "arn:aws:sqs:us-west-2:433735210442:ws_notification_callback"
            }
          },
          "sensitive_attributes": []
        }
      ]
    },
    {
      "mode": "managed",
      "type": "aws_api_gateway_deployment",
      "name": "queue_notification_deployment",
      "provider": "provider[\"registry.terraform.io/hashicorp/aws\"]",
      "instances": [
        {
          "schema_version": 0,
          "attributes": {
            "created_date": "2021-08-05T00:35:49Z",
            "description": "",
            "execution_arn": "arn:aws:execute-api:us-west-2:433735210442:c3was2m17l/prd",
            "id": "ziex62",
            "invoke_url": "https://c3was2m17l.execute-api.us-west-2.amazonaws.com/prd",
            "rest_api_id": "c3was2m17l",
            "stage_description": null,
            "stage_name": "prd",
            "triggers": {
              "redeployment": "eb48886ee8e847e8e2f414811d2182b9a892eed0"
            },
            "variables": null
          },
          "sensitive_attributes": [
            [
              {
                "type": "get_attr",
                "value": "triggers"
              },
              {
                "type": "index",
                "value": {
                  "value": "redeployment",
                  "type": "string"
                }
              }
            ]
          ],
          "private": "bnVsbA==",
          "dependencies": [
            "aws_api_gateway_rest_api.queue_notification_to_SQS",
            "aws_iam_role.apiSQS",
            "aws_api_gateway_resource.queue_path",
            "aws_api_gateway_method.method_queue_notification",
            "aws_iam_policy.api_policy",
            "aws_iam_role_policy_attachment.api_exec_role",
            "aws_sqs_queue.ws_notification_sqs",
            "data.template_file.gateway_policy",
            "aws_api_gateway_integration.queue_notification_API_to_SQS_integration"
          ],
          "create_before_destroy": true
        }
      ]
    },
    {
      "mode": "managed",
      "type": "aws_api_gateway_integration",
      "name": "queue_notification_API_to_SQS_integration",
      "provider": "provider[\"registry.terraform.io/hashicorp/aws\"]",
      "instances": [
        {
          "schema_version": 0,
          "attributes": {
            "cache_key_parameters": [],
            "cache_namespace": "ba4hyt",
            "connection_id": "",
            "connection_type": "INTERNET",
            "content_handling": "",
            "credentials": "arn:aws:iam::433735210442:role/apigateway_sqs",
            "http_method": "POST",
            "id": "agi-c3was2m17l-ba4hyt-POST",
            "integration_http_method": "POST",
            "passthrough_behavior": "WHEN_NO_MATCH",
            "request_parameters": {
              "integration.request.header.Content-Type": "'application/x-www-form-urlencoded'"
            },
            "request_templates": {
              "application/json": "Action=SendMessage\u0026MessageBody={\"body\": $input.json('$')}\n"
            },
            "resource_id": "ba4hyt",
            "rest_api_id": "c3was2m17l",
            "timeout_milliseconds": 29000,
            "tls_config": [],
            "type": "AWS",
            "uri": "arn:aws:apigateway:us-west-2:sqs:path/ws_notification_callback"
          },
          "sensitive_attributes": [
            [
              {
                "type": "get_attr",
                "value": "uri"
              }
            ]
          ],
          "private": "bnVsbA==",
          "dependencies": [
            "aws_api_gateway_resource.queue_path",
            "aws_api_gateway_rest_api.queue_notification_to_SQS",
            "aws_iam_policy.api_policy",
            "aws_iam_role.apiSQS",
            "aws_iam_role_policy_attachment.api_exec_role",
            "aws_sqs_queue.ws_notification_sqs",
            "data.template_file.gateway_policy",
            "aws_api_gateway_method.method_queue_notification"
          ],
          "create_before_destroy": true
        }
      ]
    },
    {
      "mode": "managed",
      "type": "aws_api_gateway_integration_response",
      "name": "http200",
      "provider": "provider[\"registry.terraform.io/hashicorp/aws\"]",
      "instances": [
        {
          "schema_version": 0,
          "attributes": {
            "content_handling": "",
            "http_method": "POST",
            "id": "agir-c3was2m17l-ba4hyt-POST-200",
            "resource_id": "ba4hyt",
            "response_parameters": {},
            "response_templates": {},
            "rest_api_id": "c3was2m17l",
            "selection_pattern": "^2[0-9][0-9]",
            "status_code": "200"
          },
          "sensitive_attributes": [],
          "private": "bnVsbA==",
          "dependencies": [
            "aws_api_gateway_method_response.http200",
            "aws_api_gateway_resource.queue_path",
            "aws_iam_policy.api_policy",
            "aws_iam_role_policy_attachment.api_exec_role",
            "data.template_file.gateway_policy",
            "aws_api_gateway_integration.queue_notification_API_to_SQS_integration",
            "aws_api_gateway_method.method_queue_notification",
            "aws_api_gateway_rest_api.queue_notification_to_SQS",
            "aws_iam_role.apiSQS",
            "aws_sqs_queue.ws_notification_sqs"
          ]
        }
      ]
    },
    {
      "mode": "managed",
      "type": "aws_api_gateway_method",
      "name": "method_queue_notification",
      "provider": "provider[\"registry.terraform.io/hashicorp/aws\"]",
      "instances": [
        {
          "schema_version": 0,
          "attributes": {
            "api_key_required": false,
            "authorization": "NONE",
            "authorization_scopes": [],
            "authorizer_id": "",
            "http_method": "POST",
            "id": "agm-c3was2m17l-ba4hyt-POST",
            "operation_name": "",
            "request_models": {},
            "request_parameters": {
              "method.request.path.proxy": false,
              "method.request.querystring.unity": false
            },
            "request_validator_id": "",
            "resource_id": "ba4hyt",
            "rest_api_id": "c3was2m17l"
          },
          "sensitive_attributes": [],
          "private": "bnVsbA==",
          "dependencies": [
            "aws_api_gateway_resource.queue_path",
            "aws_api_gateway_rest_api.queue_notification_to_SQS"
          ],
          "create_before_destroy": true
        }
      ]
    },
    {
      "mode": "managed",
      "type": "aws_api_gateway_method_response",
      "name": "http200",
      "provider": "provider[\"registry.terraform.io/hashicorp/aws\"]",
      "instances": [
        {
          "schema_version": 0,
          "attributes": {
            "http_method": "POST",
            "id": "agmr-c3was2m17l-ba4hyt-POST-200",
            "resource_id": "ba4hyt",
            "response_models": {},
            "response_parameters": {},
            "rest_api_id": "c3was2m17l",
            "status_code": "200"
          },
          "sensitive_attributes": [],
          "private": "bnVsbA==",
          "dependencies": [
            "aws_api_gateway_rest_api.queue_notification_to_SQS",
            "aws_api_gateway_method.method_queue_notification",
            "aws_api_gateway_resource.queue_path"
          ]
        }
      ]
    },
    {
      "mode": "managed",
      "type": "aws_api_gateway_resource",
      "name": "queue_path",
      "provider": "provider[\"registry.terraform.io/hashicorp/aws\"]",
      "instances": [
        {
          "schema_version": 0,
          "attributes": {
            "id": "ba4hyt",
            "parent_id": "pwacaxa8ug",
            "path": "/queue",
            "path_part": "queue",
            "rest_api_id": "c3was2m17l"
          },
          "sensitive_attributes": [],
          "private": "bnVsbA==",
          "dependencies": [
            "aws_api_gateway_rest_api.queue_notification_to_SQS"
          ],
          "create_before_destroy": true
        }
      ]
    },
    {
      "mode": "managed",
      "type": "aws_api_gateway_rest_api",
      "name": "queue_notification_to_SQS",
      "provider": "provider[\"registry.terraform.io/hashicorp/aws\"]",
      "instances": [
        {
          "schema_version": 0,
          "attributes": {
            "api_key_source": "HEADER",
            "arn": "arn:aws:apigateway:us-west-2::/restapis/c3was2m17l",
            "binary_media_types": [],
            "body": null,
            "created_date": "2021-08-04T18:21:15Z",
            "description": "POST records to SQS queue directly",
            "disable_execute_api_endpoint": false,
            "endpoint_configuration": [
              {
                "types": [
                  "EDGE"
                ],
                "vpc_endpoint_ids": []
              }
            ],
            "execution_arn": "arn:aws:execute-api:us-west-2:433735210442:c3was2m17l",
            "id": "c3was2m17l",
            "minimum_compression_size": -1,
            "name": "api-gateway-SQS",
            "parameters": null,
            "policy": "",
            "root_resource_id": "pwacaxa8ug",
            "tags": {},
            "tags_all": {}
          },
          "sensitive_attributes": [],
          "private": "bnVsbA==",
          "create_before_destroy": true
        }
      ]
    },
    {
      "mode": "managed",
      "type": "aws_apigatewayv2_api",
      "name": "ws_smt_notification",
      "provider": "provider[\"registry.terraform.io/hashicorp/aws\"]",
      "instances": [
        {
          "schema_version": 0,
          "attributes": {
            "api_endpoint": "wss://ftcmdu6go7.execute-api.us-west-2.amazonaws.com",
            "api_key_selection_expression": "$request.header.x-api-key",
            "arn": "arn:aws:apigateway:us-west-2::/apis/ftcmdu6go7",
            "body": null,
            "cors_configuration": [],
            "credentials_arn": null,
            "description": "",
            "disable_execute_api_endpoint": false,
            "execution_arn": "arn:aws:execute-api:us-west-2:433735210442:ftcmdu6go7",
            "fail_on_warnings": null,
            "id": "ftcmdu6go7",
            "name": "ws_smt_notification",
            "protocol_type": "WEBSOCKET",
            "route_key": null,
            "route_selection_expression": "$request.body.action",
            "tags": {},
            "tags_all": {},
            "target": null,
            "version": ""
          },
          "sensitive_attributes": [],
          "private": "bnVsbA==",
          "create_before_destroy": true
        }
      ]
    },
    {
      "mode": "managed",
      "type": "aws_apigatewayv2_deployment",
      "name": "ws_smt_notification_deployment",
      "provider": "provider[\"registry.terraform.io/hashicorp/aws\"]",
      "instances": [
        {
          "schema_version": 0,
          "attributes": {
            "api_id": "ftcmdu6go7",
            "auto_deployed": false,
            "description": "Send new code to AWS",
            "id": "nethh6",
            "triggers": {
              "redeployment": "a2b52995466290e010f2b8604585bd219bd4563f"
            }
          },
          "sensitive_attributes": [],
          "private": "bnVsbA==",
          "dependencies": [
            "aws_apigatewayv2_route.ws_smt_route_disconnect",
            "aws_cloudwatch_log_group.ws_lambda_notification_sendMessage",
            "aws_apigatewayv2_integration.ws_integration_disconnect",
            "aws_apigatewayv2_route.ws_smt_route_connect",
            "aws_apigatewayv2_route.ws_smt_route_sendMessage",
            "aws_cloudwatch_log_group.ws_lambda_notification_connect",
            "aws_lambda_function.lambda_function_sendMessage",
            "aws_dynamodb_table.dynamo_table",
            "aws_lambda_function.lambda_function_connect",
            "aws_lambda_function.lambda_function_disconnect",
            "data.archive_file.zip_code",
            "aws_apigatewayv2_api.ws_smt_notification",
            "aws_apigatewayv2_integration.ws_integration_connect",
            "aws_apigatewayv2_integration.ws_integration_sendMessage",
            "aws_cloudwatch_log_group.ws_lambda_notification_disconnect",
            "aws_iam_role.lambda_notifications_role"
          ],
          "create_before_destroy": true
        }
      ]
    },
    {
      "mode": "managed",
      "type": "aws_apigatewayv2_integration",
      "name": "ws_integration_connect",
      "provider": "provider[\"registry.terraform.io/hashicorp/aws\"]",
      "instances": [
        {
          "schema_version": 0,
          "attributes": {
            "api_id": "ftcmdu6go7",
            "connection_id": "",
            "connection_type": "INTERNET",
            "content_handling_strategy": "",
            "credentials_arn": "",
            "description": "",
            "id": "465ywkq",
            "integration_method": "POST",
            "integration_response_selection_expression": "",
            "integration_subtype": "",
            "integration_type": "AWS_PROXY",
            "integration_uri": "arn:aws:apigateway:us-west-2:lambda:path/2015-03-31/functions/arn:aws:lambda:us-west-2:433735210442:function:ws_smt_notification_connect/invocations",
            "passthrough_behavior": "WHEN_NO_MATCH",
            "payload_format_version": "1.0",
            "request_parameters": {},
            "request_templates": {},
            "response_parameters": [],
            "template_selection_expression": "",
            "timeout_milliseconds": 29000,
            "tls_config": []
          },
          "sensitive_attributes": [],
          "private": "bnVsbA==",
          "dependencies": [
            "aws_cloudwatch_log_group.ws_lambda_notification_connect",
            "aws_dynamodb_table.dynamo_table",
            "aws_iam_role.lambda_notifications_role",
            "aws_lambda_function.lambda_function_connect",
            "data.archive_file.zip_code",
            "aws_apigatewayv2_api.ws_smt_notification"
          ],
          "create_before_destroy": true
        }
      ]
    },
    {
      "mode": "managed",
      "type": "aws_apigatewayv2_integration",
      "name": "ws_integration_disconnect",
      "provider": "provider[\"registry.terraform.io/hashicorp/aws\"]",
      "instances": [
        {
          "schema_version": 0,
          "attributes": {
            "api_id": "ftcmdu6go7",
            "connection_id": "",
            "connection_type": "INTERNET",
            "content_handling_strategy": "",
            "credentials_arn": "",
            "description": "",
            "id": "p765wt4",
            "integration_method": "POST",
            "integration_response_selection_expression": "",
            "integration_subtype": "",
            "integration_type": "AWS_PROXY",
            "integration_uri": "arn:aws:apigateway:us-west-2:lambda:path/2015-03-31/functions/arn:aws:lambda:us-west-2:433735210442:function:ws_smt_notification_disconnect/invocations",
            "passthrough_behavior": "WHEN_NO_MATCH",
            "payload_format_version": "1.0",
            "request_parameters": {},
            "request_templates": {},
            "response_parameters": [],
            "template_selection_expression": "",
            "timeout_milliseconds": 29000,
            "tls_config": []
          },
          "sensitive_attributes": [],
          "private": "bnVsbA==",
          "dependencies": [
            "aws_apigatewayv2_api.ws_smt_notification",
            "aws_cloudwatch_log_group.ws_lambda_notification_disconnect",
            "aws_dynamodb_table.dynamo_table",
            "aws_iam_role.lambda_notifications_role",
            "aws_lambda_function.lambda_function_disconnect",
            "data.archive_file.zip_code"
          ],
          "create_before_destroy": true
        }
      ]
    },
    {
      "mode": "managed",
      "type": "aws_apigatewayv2_integration",
      "name": "ws_integration_sendMessage",
      "provider": "provider[\"registry.terraform.io/hashicorp/aws\"]",
      "instances": [
        {
          "schema_version": 0,
          "attributes": {
            "api_id": "ftcmdu6go7",
            "connection_id": "",
            "connection_type": "INTERNET",
            "content_handling_strategy": "",
            "credentials_arn": "",
            "description": "",
            "id": "yx7vko2",
            "integration_method": "POST",
            "integration_response_selection_expression": "",
            "integration_subtype": "",
            "integration_type": "AWS_PROXY",
            "integration_uri": "arn:aws:apigateway:us-west-2:lambda:path/2015-03-31/functions/arn:aws:lambda:us-west-2:433735210442:function:ws_smt_notification_sendMessage/invocations",
            "passthrough_behavior": "WHEN_NO_MATCH",
            "payload_format_version": "1.0",
            "request_parameters": {},
            "request_templates": {},
            "response_parameters": [],
            "template_selection_expression": "",
            "timeout_milliseconds": 29000,
            "tls_config": []
          },
          "sensitive_attributes": [],
          "private": "bnVsbA==",
          "dependencies": [
            "data.archive_file.zip_code",
            "aws_apigatewayv2_api.ws_smt_notification",
            "aws_cloudwatch_log_group.ws_lambda_notification_sendMessage",
            "aws_dynamodb_table.dynamo_table",
            "aws_iam_role.lambda_notifications_role",
            "aws_lambda_function.lambda_function_sendMessage"
          ],
          "create_before_destroy": true
        }
      ]
    },
    {
      "mode": "managed",
      "type": "aws_apigatewayv2_route",
      "name": "ws_smt_route_connect",
      "provider": "provider[\"registry.terraform.io/hashicorp/aws\"]",
      "instances": [
        {
          "schema_version": 0,
          "attributes": {
            "api_id": "ftcmdu6go7",
            "api_key_required": false,
            "authorization_scopes": [],
            "authorization_type": "NONE",
            "authorizer_id": "",
            "id": "fy6dh5c",
            "model_selection_expression": "",
            "operation_name": "ConnectRoute",
            "request_models": {},
            "request_parameter": [],
            "route_key": "$connect",
            "route_response_selection_expression": "",
            "target": "integrations/465ywkq"
          },
          "sensitive_attributes": [],
          "private": "bnVsbA==",
          "dependencies": [
            "aws_apigatewayv2_integration.ws_integration_connect",
            "aws_cloudwatch_log_group.ws_lambda_notification_connect",
            "aws_dynamodb_table.dynamo_table",
            "aws_iam_role.lambda_notifications_role",
            "aws_lambda_function.lambda_function_connect",
            "data.archive_file.zip_code",
            "aws_apigatewayv2_api.ws_smt_notification"
          ],
          "create_before_destroy": true
        }
      ]
    },
    {
      "mode": "managed",
      "type": "aws_apigatewayv2_route",
      "name": "ws_smt_route_disconnect",
      "provider": "provider[\"registry.terraform.io/hashicorp/aws\"]",
      "instances": [
        {
          "schema_version": 0,
          "attributes": {
            "api_id": "ftcmdu6go7",
            "api_key_required": false,
            "authorization_scopes": [],
            "authorization_type": "NONE",
            "authorizer_id": "",
            "id": "s7n5w04",
            "model_selection_expression": "",
            "operation_name": "ConnectRoute",
            "request_models": {},
            "request_parameter": [],
            "route_key": "$disconnect",
            "route_response_selection_expression": "",
            "target": "integrations/p765wt4"
          },
          "sensitive_attributes": [],
          "private": "bnVsbA==",
          "dependencies": [
            "aws_dynamodb_table.dynamo_table",
            "aws_iam_role.lambda_notifications_role",
            "aws_lambda_function.lambda_function_disconnect",
            "data.archive_file.zip_code",
            "aws_apigatewayv2_api.ws_smt_notification",
            "aws_apigatewayv2_integration.ws_integration_disconnect",
            "aws_cloudwatch_log_group.ws_lambda_notification_disconnect"
          ],
          "create_before_destroy": true
        }
      ]
    },
    {
      "mode": "managed",
      "type": "aws_apigatewayv2_route",
      "name": "ws_smt_route_sendMessage",
      "provider": "provider[\"registry.terraform.io/hashicorp/aws\"]",
      "instances": [
        {
          "schema_version": 0,
          "attributes": {
            "api_id": "ftcmdu6go7",
            "api_key_required": false,
            "authorization_scopes": [],
            "authorization_type": "NONE",
            "authorizer_id": "",
            "id": "gshnq87",
            "model_selection_expression": "",
            "operation_name": "ConnectRoute",
            "request_models": {},
            "request_parameter": [],
            "route_key": "sendMessage",
            "route_response_selection_expression": "",
            "target": "integrations/yx7vko2"
          },
          "sensitive_attributes": [],
          "private": "bnVsbA==",
          "dependencies": [
            "aws_iam_role.lambda_notifications_role",
            "aws_lambda_function.lambda_function_sendMessage",
            "data.archive_file.zip_code",
            "aws_apigatewayv2_api.ws_smt_notification",
            "aws_apigatewayv2_integration.ws_integration_sendMessage",
            "aws_cloudwatch_log_group.ws_lambda_notification_sendMessage",
            "aws_dynamodb_table.dynamo_table"
          ],
          "create_before_destroy": true
        }
      ]
    },
    {
      "mode": "managed",
      "type": "aws_apigatewayv2_stage",
      "name": "ws_smt_notification_stage",
      "provider": "provider[\"registry.terraform.io/hashicorp/aws\"]",
      "instances": [
        {
          "schema_version": 0,
          "attributes": {
            "access_log_settings": [],
            "api_id": "ftcmdu6go7",
            "arn": "arn:aws:apigateway:us-west-2::/apis/ftcmdu6go7/stages/prd",
            "auto_deploy": false,
            "client_certificate_id": "",
            "default_route_settings": [
              {
                "data_trace_enabled": false,
                "detailed_metrics_enabled": false,
                "logging_level": "OFF",
                "throttling_burst_limit": 100,
                "throttling_rate_limit": 1000
              }
            ],
            "deployment_id": "nethh6",
            "description": "",
            "execution_arn": "arn:aws:execute-api:us-west-2:433735210442:ftcmdu6go7/prd",
            "id": "prd",
            "invoke_url": "wss://ftcmdu6go7.execute-api.us-west-2.amazonaws.com/prd",
            "name": "prd",
            "route_settings": [],
            "stage_variables": {},
            "tags": {},
            "tags_all": {}
          },
          "sensitive_attributes": [],
          "private": "bnVsbA==",
          "dependencies": [
            "aws_apigatewayv2_integration.ws_integration_sendMessage",
            "aws_apigatewayv2_route.ws_smt_route_connect",
            "aws_dynamodb_table.dynamo_table",
            "aws_lambda_function.lambda_function_disconnect",
            "data.archive_file.zip_code",
            "aws_apigatewayv2_integration.ws_integration_connect",
            "aws_apigatewayv2_route.ws_smt_route_sendMessage",
            "aws_cloudwatch_log_group.ws_lambda_notification_disconnect",
            "aws_lambda_function.lambda_function_connect",
            "aws_apigatewayv2_integration.ws_integration_disconnect",
            "aws_iam_role.lambda_notifications_role",
            "aws_lambda_function.lambda_function_sendMessage",
            "aws_apigatewayv2_api.ws_smt_notification",
            "aws_apigatewayv2_deployment.ws_smt_notification_deployment",
            "aws_apigatewayv2_route.ws_smt_route_disconnect",
            "aws_cloudwatch_log_group.ws_lambda_notification_connect",
            "aws_cloudwatch_log_group.ws_lambda_notification_sendMessage"
          ]
        }
      ]
    },
    {
      "mode": "managed",
      "type": "aws_cloudwatch_log_group",
      "name": "ws_lambda_notification_connect",
      "provider": "provider[\"registry.terraform.io/hashicorp/aws\"]",
      "instances": [
        {
          "schema_version": 0,
          "attributes": {
            "arn": "arn:aws:logs:us-west-2:433735210442:log-group:/aws/lambda/ws_smt_notification_connect",
            "id": "/aws/lambda/ws_smt_notification_connect",
            "kms_key_id": "",
            "name": "/aws/lambda/ws_smt_notification_connect",
            "name_prefix": null,
            "retention_in_days": 5,
            "tags": {},
            "tags_all": {}
          },
          "sensitive_attributes": [],
          "private": "bnVsbA==",
          "create_before_destroy": true
        }
      ]
    },
    {
      "mode": "managed",
      "type": "aws_cloudwatch_log_group",
      "name": "ws_lambda_notification_disconnect",
      "provider": "provider[\"registry.terraform.io/hashicorp/aws\"]",
      "instances": [
        {
          "schema_version": 0,
          "attributes": {
            "arn": "arn:aws:logs:us-west-2:433735210442:log-group:/aws/lambda/ws_smt_notification_disconnect",
            "id": "/aws/lambda/ws_smt_notification_disconnect",
            "kms_key_id": "",
            "name": "/aws/lambda/ws_smt_notification_disconnect",
            "name_prefix": null,
            "retention_in_days": 5,
            "tags": {},
            "tags_all": {}
          },
          "sensitive_attributes": [],
          "private": "bnVsbA==",
          "create_before_destroy": true
        }
      ]
    },
    {
      "mode": "managed",
      "type": "aws_cloudwatch_log_group",
      "name": "ws_lambda_notification_notifyWebSocket",
      "provider": "provider[\"registry.terraform.io/hashicorp/aws\"]",
      "instances": [
        {
          "schema_version": 0,
          "attributes": {
            "arn": "arn:aws:logs:us-west-2:433735210442:log-group:/aws/lambda/ws_smt_notification_notifyWebSocket",
            "id": "/aws/lambda/ws_smt_notification_notifyWebSocket",
            "kms_key_id": "",
            "name": "/aws/lambda/ws_smt_notification_notifyWebSocket",
            "name_prefix": null,
            "retention_in_days": 5,
            "tags": {},
            "tags_all": {}
          },
          "sensitive_attributes": [],
          "private": "bnVsbA=="
        }
      ]
    },
    {
      "mode": "managed",
      "type": "aws_cloudwatch_log_group",
      "name": "ws_lambda_notification_sendMessage",
      "provider": "provider[\"registry.terraform.io/hashicorp/aws\"]",
      "instances": [
        {
          "schema_version": 0,
          "attributes": {
            "arn": "arn:aws:logs:us-west-2:433735210442:log-group:/aws/lambda/ws_smt_notification_sendMessage",
            "id": "/aws/lambda/ws_smt_notification_sendMessage",
            "kms_key_id": "",
            "name": "/aws/lambda/ws_smt_notification_sendMessage",
            "name_prefix": null,
            "retention_in_days": 5,
            "tags": {},
            "tags_all": {}
          },
          "sensitive_attributes": [],
          "private": "bnVsbA==",
          "create_before_destroy": true
        }
      ]
    },
    {
      "mode": "managed",
      "type": "aws_dynamodb_table",
      "name": "dynamo_table",
      "provider": "provider[\"registry.terraform.io/hashicorp/aws\"]",
      "instances": [
        {
          "schema_version": 1,
          "attributes": {
            "arn": "arn:aws:dynamodb:us-west-2:433735210442:table/smt_notifications",
            "attribute": [
              {
                "name": "connectionId",
                "type": "S"
              }
            ],
            "billing_mode": "PROVISIONED",
            "global_secondary_index": [],
            "hash_key": "connectionId",
            "id": "smt_notifications",
            "local_secondary_index": [],
            "name": "smt_notifications",
            "point_in_time_recovery": [
              {
                "enabled": false
              }
            ],
            "range_key": null,
            "read_capacity": 5,
            "replica": [],
            "server_side_encryption": [],
            "stream_arn": "",
            "stream_enabled": false,
            "stream_label": "",
            "stream_view_type": "",
            "tags": {
              "name": "Notifications"
            },
            "tags_all": {
              "name": "Notifications"
            },
            "timeouts": null,
            "ttl": [
              {
                "attribute_name": "deleteAt",
                "enabled": true,
                "kms_key_arn": ""
              }
            ],
            "write_capacity": 5
          },
          "sensitive_attributes": [],
          "private": "eyJlMmJmYjczMC1lY2FhLTExZTYtOGY4OC0zNDM2M2JjN2M0YzAiOnsiY3JlYXRlIjoxMjAwMDAwMDAwMDAwLCJkZWxldGUiOjYwMDAwMDAwMDAwMCwidXBkYXRlIjozNjAwMDAwMDAwMDAwfSwic2NoZW1hX3ZlcnNpb24iOiIxIn0=",
          "create_before_destroy": true
        }
      ]
    },
    {
      "mode": "managed",
      "type": "aws_iam_policy",
      "name": "api_policy",
      "provider": "provider[\"registry.terraform.io/hashicorp/aws\"]",
      "instances": [
        {
          "schema_version": 0,
          "attributes": {
            "arn": "arn:aws:iam::433735210442:policy/api-sqs-cloudwatch-policy",
            "description": "",
            "id": "arn:aws:iam::433735210442:policy/api-sqs-cloudwatch-policy",
            "name": "api-sqs-cloudwatch-policy",
            "name_prefix": null,
            "path": "/",
            "policy": "{\n    \"Version\": \"2012-10-17\",\n    \"Statement\": [\n      {\n        \"Effect\": \"Allow\",\n        \"Action\": [\n          \"logs:CreateLogGroup\",\n          \"logs:CreateLogStream\",\n          \"logs:DescribeLogGroups\",\n          \"logs:DescribeLogStreams\",\n          \"logs:PutLogEvents\",\n          \"logs:GetLogEvents\",\n          \"logs:FilterLogEvents\"\n        ],\n        \"Resource\": \"*\"\n      },\n      {\n        \"Effect\": \"Allow\",\n        \"Action\": [\n          \"sqs:GetQueueUrl\",\n          \"sqs:ChangeMessageVisibility\",\n          \"sqs:ListDeadLetterSourceQueues\",\n          \"sqs:SendMessageBatch\",\n          \"sqs:PurgeQueue\",\n          \"sqs:ReceiveMessage\",\n          \"sqs:SendMessage\",\n          \"sqs:GetQueueAttributes\",\n          \"sqs:CreateQueue\",\n          \"sqs:ListQueueTags\",\n          \"sqs:ChangeMessageVisibilityBatch\",\n          \"sqs:SetQueueAttributes\"\n        ],\n        \"Resource\": \"arn:aws:sqs:us-west-2:433735210442:ws_notification_callback\"\n      },\n      {\n        \"Effect\": \"Allow\",\n        \"Action\": \"sqs:ListQueues\",\n        \"Resource\": \"*\"\n      }      \n    ]\n}",
            "policy_id": "ANPAWJ7FCCXFJ4TSMEKCC",
            "tags": {},
            "tags_all": {}
          },
          "sensitive_attributes": [],
          "private": "bnVsbA==",
          "dependencies": [
            "data.template_file.gateway_policy",
            "aws_sqs_queue.ws_notification_sqs"
          ],
          "create_before_destroy": true
        }
      ]
    },
    {
      "mode": "managed",
      "type": "aws_iam_policy",
      "name": "lambda_policy",
      "provider": "provider[\"registry.terraform.io/hashicorp/aws\"]",
      "instances": [
        {
          "schema_version": 0,
          "attributes": {
            "arn": "arn:aws:iam::433735210442:policy/smt_notifications_lambda_policy",
            "description": "",
            "id": "arn:aws:iam::433735210442:policy/smt_notifications_lambda_policy",
            "name": "smt_notifications_lambda_policy",
            "name_prefix": null,
            "path": "/",
            "policy": "{\n    \"Version\": \"2012-10-17\",\n    \"Statement\": [\n      {\n        \"Effect\": \"Allow\",\n        \"Action\": [\n          \"logs:CreateLogGroup\",\n          \"logs:CreateLogStream\",\n          \"logs:PutLogEvents\",\n          \"logs:GetLogEvents\"\n        ],\n        \"Resource\": \"arn:aws:logs:us-west-2:433735210442:*\"\n      },\n      {\n        \"Effect\": \"Allow\",\n        \"Action\": [\n            \"dynamodb:GetItem\",\n            \"dynamodb:BatchGetItem\",\n            \"dynamodb:PutItem\",\n            \"dynamodb:DeleteItem\",\n            \"dynamodb:Scan\",\n            \"dynamodb:Query\",\n            \"dynamodb:UpdateItem\",\n            \"dynamodb:GetShardIterator\",\n            \"dynamodb:GetRecords\"\n        ],\n        \"Resource\": \"arn:aws:dynamodb:*:*:table/*\"\n      },\n      {\n        \"Effect\": \"Allow\",\n        \"Action\": [\n            \"execute-api:ManageConnections\"\n        ],\n        \"Resource\": \"arn:aws:execute-api:us-west-2:433735210442:ftcmdu6go7/*\"\n      },\n      {\n        \"Effect\": \"Allow\",\n        \"Action\": [\n            \"sqs:SendMessage\",\n            \"sqs:ReceiveMessage\",\n            \"sqs:DeleteMessage\",\n            \"sqs:GetQueueAttributes\"\n        ],\n        \"Resource\": \"arn:aws:sqs:us-west-2:433735210442:ws_notification_callback\"\n      }     \n    ]\n}",
            "policy_id": "ANPAWJ7FCCXFNQFLRSGTC",
            "tags": {},
            "tags_all": {}
          },
          "sensitive_attributes": [],
          "private": "bnVsbA==",
          "dependencies": [
            "aws_apigatewayv2_api.ws_smt_notification",
            "aws_sqs_queue.ws_notification_sqs",
            "data.aws_caller_identity.current",
            "data.aws_region.current",
            "data.template_file.lambda_policy"
          ]
        }
      ]
    },
    {
      "mode": "managed",
      "type": "aws_iam_role",
      "name": "apiSQS",
      "provider": "provider[\"registry.terraform.io/hashicorp/aws\"]",
      "instances": [
        {
          "schema_version": 0,
          "attributes": {
            "arn": "arn:aws:iam::433735210442:role/apigateway_sqs",
            "assume_role_policy": "{\"Version\":\"2012-10-17\",\"Statement\":[{\"Sid\":\"\",\"Effect\":\"Allow\",\"Principal\":{\"Service\":\"apigateway.amazonaws.com\"},\"Action\":\"sts:AssumeRole\"}]}",
            "create_date": "2021-08-04T18:21:14Z",
            "description": "The role will be used from apigateway to access directly to SQS",
            "force_detach_policies": false,
            "id": "apigateway_sqs",
            "inline_policy": [
              {
                "name": "",
                "policy": ""
              }
            ],
            "managed_policy_arns": [
              "arn:aws:iam::433735210442:policy/api-sqs-cloudwatch-policy"
            ],
            "max_session_duration": 3600,
            "name": "apigateway_sqs",
            "name_prefix": null,
            "path": "/",
            "permissions_boundary": null,
            "tags": {},
            "tags_all": {},
            "unique_id": "AROAWJ7FCCXFBXWJSOP2J"
          },
          "sensitive_attributes": [],
          "private": "bnVsbA==",
          "create_before_destroy": true
        }
      ]
    },
    {
      "mode": "managed",
      "type": "aws_iam_role",
      "name": "lambda_notifications_role",
      "provider": "provider[\"registry.terraform.io/hashicorp/aws\"]",
      "instances": [
        {
          "schema_version": 0,
          "attributes": {
            "arn": "arn:aws:iam::433735210442:role/lambda_notifications_role",
            "assume_role_policy": "{\"Version\":\"2012-10-17\",\"Statement\":[{\"Sid\":\"\",\"Effect\":\"Allow\",\"Principal\":{\"Service\":\"lambda.amazonaws.com\"},\"Action\":\"sts:AssumeRole\"}]}",
            "create_date": "2021-08-04T15:58:19Z",
            "description": "",
            "force_detach_policies": false,
            "id": "lambda_notifications_role",
            "inline_policy": [
              {
                "name": "",
                "policy": ""
              }
            ],
            "managed_policy_arns": [
              "arn:aws:iam::433735210442:policy/smt_notifications_lambda_policy"
            ],
            "max_session_duration": 3600,
            "name": "lambda_notifications_role",
            "name_prefix": null,
            "path": "/",
            "permissions_boundary": null,
            "tags": {},
            "tags_all": {},
            "unique_id": "AROAWJ7FCCXFLB7S3QHBC"
          },
          "sensitive_attributes": [],
          "private": "bnVsbA==",
          "create_before_destroy": true
        }
      ]
    },
    {
      "mode": "managed",
      "type": "aws_iam_role_policy_attachment",
      "name": "api_exec_role",
      "provider": "provider[\"registry.terraform.io/hashicorp/aws\"]",
      "instances": [
        {
          "schema_version": 0,
          "attributes": {
            "id": "apigateway_sqs-20210804182212476300000001",
            "policy_arn": "arn:aws:iam::433735210442:policy/api-sqs-cloudwatch-policy",
            "role": "apigateway_sqs"
          },
          "sensitive_attributes": [],
          "private": "bnVsbA==",
          "dependencies": [
            "aws_iam_role.apiSQS",
            "aws_sqs_queue.ws_notification_sqs",
            "data.template_file.gateway_policy",
            "aws_iam_policy.api_policy"
          ],
          "create_before_destroy": true
        }
      ]
    },
    {
      "mode": "managed",
      "type": "aws_iam_role_policy_attachment",
      "name": "lambda_notifications_role_policy",
      "provider": "provider[\"registry.terraform.io/hashicorp/aws\"]",
      "instances": [
        {
          "schema_version": 0,
          "attributes": {
            "id": "lambda_notifications_role-20210804200202474000000001",
            "policy_arn": "arn:aws:iam::433735210442:policy/smt_notifications_lambda_policy",
            "role": "lambda_notifications_role"
          },
          "sensitive_attributes": [],
          "private": "bnVsbA==",
          "dependencies": [
            "data.aws_region.current",
            "data.template_file.lambda_policy",
            "aws_apigatewayv2_api.ws_smt_notification",
            "aws_iam_policy.lambda_policy",
            "aws_iam_role.lambda_notifications_role",
            "aws_sqs_queue.ws_notification_sqs",
            "data.aws_caller_identity.current"
          ]
        }
      ]
    },
    {
      "mode": "managed",
      "type": "aws_lambda_event_source_mapping",
      "name": "ws_notification_sqs_consumer_lambda",
      "provider": "provider[\"registry.terraform.io/hashicorp/aws\"]",
      "instances": [
        {
          "schema_version": 0,
          "attributes": {
            "batch_size": 10,
            "bisect_batch_on_function_error": false,
            "destination_config": [],
            "enabled": true,
            "event_source_arn": "arn:aws:sqs:us-west-2:433735210442:ws_notification_callback",
            "function_arn": "arn:aws:lambda:us-west-2:433735210442:function:ws_smt_notification_notifyWebSocket",
            "function_name": "arn:aws:lambda:us-west-2:433735210442:function:ws_smt_notification_notifyWebSocket",
            "function_response_types": [],
            "id": "b6e95d34-6016-447a-8511-88907079ddff",
            "last_modified": "2021-08-04T16:51:49Z",
            "last_processing_result": "",
            "maximum_batching_window_in_seconds": 0,
            "maximum_record_age_in_seconds": 0,
            "maximum_retry_attempts": 0,
            "parallelization_factor": 0,
            "queues": [],
            "self_managed_event_source": [],
            "source_access_configuration": [],
            "starting_position": "",
            "starting_position_timestamp": "",
            "state": "Enabled",
            "state_transition_reason": "USER_INITIATED",
            "topics": [],
            "tumbling_window_in_seconds": 0,
            "uuid": "b6e95d34-6016-447a-8511-88907079ddff"
          },
          "sensitive_attributes": [],
          "private": "bnVsbA==",
          "dependencies": [
            "aws_dynamodb_table.dynamo_table",
            "aws_iam_role.lambda_notifications_role",
            "aws_lambda_function.lambda_function_notifyWebSocket",
            "aws_sqs_queue.ws_notification_sqs",
            "data.archive_file.zip_code",
            "aws_apigatewayv2_api.ws_smt_notification",
            "aws_cloudwatch_log_group.ws_lambda_notification_notifyWebSocket"
          ]
        }
      ]
    },
    {
      "mode": "managed",
      "type": "aws_lambda_function",
      "name": "lambda_function_connect",
      "provider": "provider[\"registry.terraform.io/hashicorp/aws\"]",
      "instances": [
        {
          "schema_version": 0,
          "attributes": {
            "arn": "arn:aws:lambda:us-west-2:433735210442:function:ws_smt_notification_connect",
            "code_signing_config_arn": "",
            "dead_letter_config": [],
            "description": "",
            "environment": [
              {
                "variables": {
                  "APIGATEWAY_WS_ID": "ftcmdu6go7",
                  "APIGATEWAY_WS_STAGE": "prd",
                  "APIGATEWAY_WS_URL": "ftcmdu6go7.execute-api.us-west-2.amazonaws.com",
                  "DYNAMODB_CONNECTIONS_TABLE": "smt_notifications",
                  "REGION": "us-west-2"
                }
              }
            ],
            "file_system_config": [],
            "filename": "dist/lambda.zip",
            "function_name": "ws_smt_notification_connect",
            "handler": "handlers/connect.handler",
            "id": "ws_smt_notification_connect",
            "image_config": [],
            "image_uri": "",
            "invoke_arn": "arn:aws:apigateway:us-west-2:lambda:path/2015-03-31/functions/arn:aws:lambda:us-west-2:433735210442:function:ws_smt_notification_connect/invocations",
            "kms_key_arn": "",
            "last_modified": "2021-08-05T01:44:26.853+0000",
            "layers": [],
            "memory_size": 128,
            "package_type": "Zip",
            "publish": false,
            "qualified_arn": "arn:aws:lambda:us-west-2:433735210442:function:ws_smt_notification_connect:$LATEST",
            "reserved_concurrent_executions": -1,
            "role": "arn:aws:iam::433735210442:role/lambda_notifications_role",
            "runtime": "nodejs12.x",
            "s3_bucket": null,
            "s3_key": null,
            "s3_object_version": null,
            "signing_job_arn": "",
            "signing_profile_version_arn": "",
            "source_code_hash": "66G0ZI+a/p6MMoXf0mDQcOMnhQJU7tarWpvM9lCEiCY=",
            "source_code_size": 9753494,
            "tags": {},
            "tags_all": {},
            "timeout": 3,
            "timeouts": null,
            "tracing_config": [
              {
                "mode": "PassThrough"
              }
            ],
            "version": "$LATEST",
            "vpc_config": []
          },
          "sensitive_attributes": [
            [
              {
                "type": "get_attr",
                "value": "environment"
              },
              {
                "type": "index",
                "value": {
                  "value": 0,
                  "type": "number"
                }
              },
              {
                "type": "get_attr",
                "value": "variables"
              },
              {
                "type": "index",
                "value": {
                  "value": "APIGATEWAY_WS_URL",
                  "type": "string"
                }
              }
            ],
            [
              {
                "type": "get_attr",
                "value": "environment"
              },
              {
                "type": "index",
                "value": {
                  "value": 0,
                  "type": "number"
                }
              },
              {
                "type": "get_attr",
                "value": "variables"
              },
              {
                "type": "index",
                "value": {
                  "value": "REGION",
                  "type": "string"
                }
              }
            ]
          ],
          "private": "eyJlMmJmYjczMC1lY2FhLTExZTYtOGY4OC0zNDM2M2JjN2M0YzAiOnsiY3JlYXRlIjo2MDAwMDAwMDAwMDB9fQ==",
          "dependencies": [
            "aws_apigatewayv2_api.ws_smt_notification",
            "aws_cloudwatch_log_group.ws_lambda_notification_connect",
            "aws_dynamodb_table.dynamo_table",
            "aws_iam_role.lambda_notifications_role",
            "data.archive_file.zip_code"
          ]
        }
      ]
    },
    {
      "mode": "managed",
      "type": "aws_lambda_function",
      "name": "lambda_function_disconnect",
      "provider": "provider[\"registry.terraform.io/hashicorp/aws\"]",
      "instances": [
        {
          "schema_version": 0,
          "attributes": {
            "arn": "arn:aws:lambda:us-west-2:433735210442:function:ws_smt_notification_disconnect",
            "code_signing_config_arn": "",
            "dead_letter_config": [],
            "description": "",
            "environment": [
              {
                "variables": {
                  "APIGATEWAY_WS_ID": "ftcmdu6go7",
                  "APIGATEWAY_WS_STAGE": "prd",
                  "APIGATEWAY_WS_URL": "ftcmdu6go7.execute-api.us-west-2.amazonaws.com",
                  "DYNAMODB_CONNECTIONS_TABLE": "smt_notifications",
                  "REGION": "us-west-2"
                }
              }
            ],
            "file_system_config": [],
            "filename": "dist/lambda.zip",
            "function_name": "ws_smt_notification_disconnect",
            "handler": "handlers/disconnect.handler",
            "id": "ws_smt_notification_disconnect",
            "image_config": [],
            "image_uri": "",
            "invoke_arn": "arn:aws:apigateway:us-west-2:lambda:path/2015-03-31/functions/arn:aws:lambda:us-west-2:433735210442:function:ws_smt_notification_disconnect/invocations",
            "kms_key_arn": "",
            "last_modified": "2021-08-05T01:44:59.858+0000",
            "layers": [],
            "memory_size": 128,
            "package_type": "Zip",
            "publish": false,
            "qualified_arn": "arn:aws:lambda:us-west-2:433735210442:function:ws_smt_notification_disconnect:$LATEST",
            "reserved_concurrent_executions": -1,
            "role": "arn:aws:iam::433735210442:role/lambda_notifications_role",
            "runtime": "nodejs12.x",
            "s3_bucket": null,
            "s3_key": null,
            "s3_object_version": null,
            "signing_job_arn": "",
            "signing_profile_version_arn": "",
            "source_code_hash": "66G0ZI+a/p6MMoXf0mDQcOMnhQJU7tarWpvM9lCEiCY=",
            "source_code_size": 9753494,
            "tags": {},
            "tags_all": {},
            "timeout": 3,
            "timeouts": null,
            "tracing_config": [
              {
                "mode": "PassThrough"
              }
            ],
            "version": "$LATEST",
            "vpc_config": []
          },
          "sensitive_attributes": [
            [
              {
                "type": "get_attr",
                "value": "environment"
              },
              {
                "type": "index",
                "value": {
                  "value": 0,
                  "type": "number"
                }
              },
              {
                "type": "get_attr",
                "value": "variables"
              },
              {
                "type": "index",
                "value": {
                  "value": "APIGATEWAY_WS_URL",
                  "type": "string"
                }
              }
            ],
            [
              {
                "type": "get_attr",
                "value": "environment"
              },
              {
                "type": "index",
                "value": {
                  "value": 0,
                  "type": "number"
                }
              },
              {
                "type": "get_attr",
                "value": "variables"
              },
              {
                "type": "index",
                "value": {
                  "value": "REGION",
                  "type": "string"
                }
              }
            ]
          ],
          "private": "eyJlMmJmYjczMC1lY2FhLTExZTYtOGY4OC0zNDM2M2JjN2M0YzAiOnsiY3JlYXRlIjo2MDAwMDAwMDAwMDB9fQ==",
          "dependencies": [
            "aws_apigatewayv2_api.ws_smt_notification",
            "aws_cloudwatch_log_group.ws_lambda_notification_disconnect",
            "aws_dynamodb_table.dynamo_table",
            "aws_iam_role.lambda_notifications_role",
            "data.archive_file.zip_code"
          ]
        }
      ]
    },
    {
      "mode": "managed",
      "type": "aws_lambda_function",
      "name": "lambda_function_notifyWebSocket",
      "provider": "provider[\"registry.terraform.io/hashicorp/aws\"]",
      "instances": [
        {
          "schema_version": 0,
          "attributes": {
            "arn": "arn:aws:lambda:us-west-2:433735210442:function:ws_smt_notification_notifyWebSocket",
            "code_signing_config_arn": "",
            "dead_letter_config": [],
            "description": "",
            "environment": [
              {
                "variables": {
                  "APIGATEWAY_WS_ID": "ftcmdu6go7",
                  "APIGATEWAY_WS_STAGE": "prd",
                  "APIGATEWAY_WS_URL": "ftcmdu6go7.execute-api.us-west-2.amazonaws.com",
                  "DYNAMODB_CONNECTIONS_TABLE": "smt_notifications",
                  "REGION": "us-west-2"
                }
              }
            ],
            "file_system_config": [],
            "filename": "dist/lambda.zip",
            "function_name": "ws_smt_notification_notifyWebSocket",
            "handler": "handlers/notifyWebSocket.handler",
            "id": "ws_smt_notification_notifyWebSocket",
            "image_config": [],
            "image_uri": "",
            "invoke_arn": "arn:aws:apigateway:us-west-2:lambda:path/2015-03-31/functions/arn:aws:lambda:us-west-2:433735210442:function:ws_smt_notification_notifyWebSocket/invocations",
            "kms_key_arn": "",
            "last_modified": "2021-08-05T01:43:58.801+0000",
            "layers": [],
            "memory_size": 128,
            "package_type": "Zip",
            "publish": false,
            "qualified_arn": "arn:aws:lambda:us-west-2:433735210442:function:ws_smt_notification_notifyWebSocket:$LATEST",
            "reserved_concurrent_executions": -1,
            "role": "arn:aws:iam::433735210442:role/lambda_notifications_role",
            "runtime": "nodejs12.x",
            "s3_bucket": null,
            "s3_key": null,
            "s3_object_version": null,
            "signing_job_arn": "",
            "signing_profile_version_arn": "",
            "source_code_hash": "66G0ZI+a/p6MMoXf0mDQcOMnhQJU7tarWpvM9lCEiCY=",
            "source_code_size": 9753494,
            "tags": {},
            "tags_all": {},
            "timeout": 3,
            "timeouts": null,
            "tracing_config": [
              {
                "mode": "PassThrough"
              }
            ],
            "version": "$LATEST",
            "vpc_config": []
          },
          "sensitive_attributes": [
            [
              {
                "type": "get_attr",
                "value": "environment"
              },
              {
                "type": "index",
                "value": {
                  "value": 0,
                  "type": "number"
                }
              },
              {
                "type": "get_attr",
                "value": "variables"
              },
              {
                "type": "index",
                "value": {
                  "value": "APIGATEWAY_WS_URL",
                  "type": "string"
                }
              }
            ],
            [
              {
                "type": "get_attr",
                "value": "environment"
              },
              {
                "type": "index",
                "value": {
                  "value": 0,
                  "type": "number"
                }
              },
              {
                "type": "get_attr",
                "value": "variables"
              },
              {
                "type": "index",
                "value": {
                  "value": "REGION",
                  "type": "string"
                }
              }
            ]
          ],
          "private": "eyJlMmJmYjczMC1lY2FhLTExZTYtOGY4OC0zNDM2M2JjN2M0YzAiOnsiY3JlYXRlIjo2MDAwMDAwMDAwMDB9fQ==",
          "dependencies": [
            "aws_apigatewayv2_api.ws_smt_notification",
            "aws_cloudwatch_log_group.ws_lambda_notification_notifyWebSocket",
            "aws_dynamodb_table.dynamo_table",
            "aws_iam_role.lambda_notifications_role",
            "data.archive_file.zip_code"
          ]
        }
      ]
    },
    {
      "mode": "managed",
      "type": "aws_lambda_function",
      "name": "lambda_function_sendMessage",
      "provider": "provider[\"registry.terraform.io/hashicorp/aws\"]",
      "instances": [
        {
          "schema_version": 0,
          "attributes": {
            "arn": "arn:aws:lambda:us-west-2:433735210442:function:ws_smt_notification_sendMessage",
            "code_signing_config_arn": "",
            "dead_letter_config": [],
            "description": "",
            "environment": [
              {
                "variables": {
                  "APIGATEWAY_WS_ID": "ftcmdu6go7",
                  "APIGATEWAY_WS_STAGE": "prd",
                  "APIGATEWAY_WS_URL": "ftcmdu6go7.execute-api.us-west-2.amazonaws.com",
                  "DYNAMODB_CONNECTIONS_TABLE": "smt_notifications",
                  "REGION": "us-west-2"
                }
              }
            ],
            "file_system_config": [],
            "filename": "dist/lambda.zip",
            "function_name": "ws_smt_notification_sendMessage",
            "handler": "handlers/sendMessage.handler",
            "id": "ws_smt_notification_sendMessage",
            "image_config": [],
            "image_uri": "",
            "invoke_arn": "arn:aws:apigateway:us-west-2:lambda:path/2015-03-31/functions/arn:aws:lambda:us-west-2:433735210442:function:ws_smt_notification_sendMessage/invocations",
            "kms_key_arn": "",
            "last_modified": "2021-08-05T01:43:18.196+0000",
            "layers": [],
            "memory_size": 128,
            "package_type": "Zip",
            "publish": false,
            "qualified_arn": "arn:aws:lambda:us-west-2:433735210442:function:ws_smt_notification_sendMessage:$LATEST",
            "reserved_concurrent_executions": -1,
            "role": "arn:aws:iam::433735210442:role/lambda_notifications_role",
            "runtime": "nodejs12.x",
            "s3_bucket": null,
            "s3_key": null,
            "s3_object_version": null,
            "signing_job_arn": "",
            "signing_profile_version_arn": "",
            "source_code_hash": "66G0ZI+a/p6MMoXf0mDQcOMnhQJU7tarWpvM9lCEiCY=",
            "source_code_size": 9753494,
            "tags": {},
            "tags_all": {},
            "timeout": 3,
            "timeouts": null,
            "tracing_config": [
              {
                "mode": "PassThrough"
              }
            ],
            "version": "$LATEST",
            "vpc_config": []
          },
          "sensitive_attributes": [
            [
              {
                "type": "get_attr",
                "value": "environment"
              },
              {
                "type": "index",
                "value": {
                  "value": 0,
                  "type": "number"
                }
              },
              {
                "type": "get_attr",
                "value": "variables"
              },
              {
                "type": "index",
                "value": {
                  "value": "APIGATEWAY_WS_URL",
                  "type": "string"
                }
              }
            ],
            [
              {
                "type": "get_attr",
                "value": "environment"
              },
              {
                "type": "index",
                "value": {
                  "value": 0,
                  "type": "number"
                }
              },
              {
                "type": "get_attr",
                "value": "variables"
              },
              {
                "type": "index",
                "value": {
                  "value": "REGION",
                  "type": "string"
                }
              }
            ]
          ],
          "private": "eyJlMmJmYjczMC1lY2FhLTExZTYtOGY4OC0zNDM2M2JjN2M0YzAiOnsiY3JlYXRlIjo2MDAwMDAwMDAwMDB9fQ==",
          "dependencies": [
            "aws_apigatewayv2_api.ws_smt_notification",
            "aws_cloudwatch_log_group.ws_lambda_notification_sendMessage",
            "aws_dynamodb_table.dynamo_table",
            "aws_iam_role.lambda_notifications_role",
            "data.archive_file.zip_code"
          ]
        }
      ]
    },
    {
      "mode": "managed",
      "type": "aws_lambda_permission",
      "name": "lambda_permission_for_ws_connect",
      "provider": "provider[\"registry.terraform.io/hashicorp/aws\"]",
      "instances": [
        {
          "schema_version": 0,
          "attributes": {
            "action": "lambda:InvokeFunction",
            "event_source_token": null,
            "function_name": "ws_smt_notification_connect",
            "id": "terraform-20210804160133223800000007",
            "principal": "apigateway.us-west-2.amazonaws.com",
            "qualifier": "",
            "source_account": null,
            "source_arn": "arn:aws:execute-api:us-west-2:433735210442:ftcmdu6go7/*/$connect",
            "statement_id": "terraform-20210804160133223800000007",
            "statement_id_prefix": null
          },
          "sensitive_attributes": [
            [
              {
                "type": "get_attr",
                "value": "principal"
              }
            ]
          ],
          "private": "bnVsbA==",
          "dependencies": [
            "aws_dynamodb_table.dynamo_table",
            "aws_iam_role.lambda_notifications_role",
            "aws_lambda_function.lambda_function_connect",
            "data.archive_file.zip_code",
            "aws_apigatewayv2_api.ws_smt_notification",
            "aws_cloudwatch_log_group.ws_lambda_notification_connect"
          ]
        }
      ]
    },
    {
      "mode": "managed",
      "type": "aws_lambda_permission",
      "name": "lambda_permission_for_ws_disconnect",
      "provider": "provider[\"registry.terraform.io/hashicorp/aws\"]",
      "instances": [
        {
          "schema_version": 0,
          "attributes": {
            "action": "lambda:InvokeFunction",
            "event_source_token": null,
            "function_name": "ws_smt_notification_disconnect",
            "id": "terraform-20210804160223478100000008",
            "principal": "apigateway.us-west-2.amazonaws.com",
            "qualifier": "",
            "source_account": null,
            "source_arn": "arn:aws:execute-api:us-west-2:433735210442:ftcmdu6go7/*/$disconnect",
            "statement_id": "terraform-20210804160223478100000008",
            "statement_id_prefix": null
          },
          "sensitive_attributes": [
            [
              {
                "type": "get_attr",
                "value": "principal"
              }
            ]
          ],
          "private": "bnVsbA==",
          "dependencies": [
            "aws_lambda_function.lambda_function_disconnect",
            "data.archive_file.zip_code",
            "aws_apigatewayv2_api.ws_smt_notification",
            "aws_cloudwatch_log_group.ws_lambda_notification_disconnect",
            "aws_dynamodb_table.dynamo_table",
            "aws_iam_role.lambda_notifications_role"
          ]
        }
      ]
    },
    {
      "mode": "managed",
      "type": "aws_lambda_permission",
      "name": "lambda_permission_for_ws_sendMessage",
      "provider": "provider[\"registry.terraform.io/hashicorp/aws\"]",
      "instances": [
        {
          "schema_version": 0,
          "attributes": {
            "action": "lambda:InvokeFunction",
            "event_source_token": null,
            "function_name": "ws_smt_notification_sendMessage",
            "id": "terraform-20210804160044569900000006",
            "principal": "apigateway.amazonaws.com",
            "qualifier": "",
            "source_account": null,
            "source_arn": "arn:aws:execute-api:us-west-2:433735210442:ftcmdu6go7/*/sendMessage",
            "statement_id": "terraform-20210804160044569900000006",
            "statement_id_prefix": null
          },
          "sensitive_attributes": [],
          "private": "bnVsbA==",
          "dependencies": [
            "aws_lambda_function.lambda_function_sendMessage",
            "data.archive_file.zip_code",
            "aws_apigatewayv2_api.ws_smt_notification",
            "aws_cloudwatch_log_group.ws_lambda_notification_sendMessage",
            "aws_dynamodb_table.dynamo_table",
            "aws_iam_role.lambda_notifications_role"
          ]
        }
      ]
    },
    {
      "mode": "managed",
      "type": "aws_sqs_queue",
      "name": "ws_notification_sqs",
      "provider": "provider[\"registry.terraform.io/hashicorp/aws\"]",
      "instances": [
        {
          "schema_version": 0,
          "attributes": {
            "arn": "arn:aws:sqs:us-west-2:433735210442:ws_notification_callback",
            "content_based_deduplication": false,
            "deduplication_scope": "",
            "delay_seconds": 0,
            "fifo_queue": false,
            "fifo_throughput_limit": "",
            "id": "https://sqs.us-west-2.amazonaws.com/433735210442/ws_notification_callback",
            "kms_data_key_reuse_period_seconds": 300,
            "kms_master_key_id": "",
            "max_message_size": 2048,
            "message_retention_seconds": 3600,
            "name": "ws_notification_callback",
            "name_prefix": "",
            "policy": "{\"Version\":\"2012-10-17\",\"Id\":\"sqspolicy\",\"Statement\":[{\"Sid\":\"First\",\"Effect\":\"Allow\",\"Principal\":\"*\",\"Action\":\"sqs:SendMessage\",\"Resource\":\"arn:aws:sqs:us-west-2:433735210442:ws_notification_callback\"}]}",
            "receive_wait_time_seconds": 0,
            "redrive_policy": "",
            "tags": {
              "Environment": "prd"
            },
            "tags_all": {
              "Environment": "prd"
            },
            "url": "https://sqs.us-west-2.amazonaws.com/433735210442/ws_notification_callback",
            "visibility_timeout_seconds": 30
          },
          "sensitive_attributes": [],
          "private": "bnVsbA==",
          "create_before_destroy": true
        }
      ]
    },
    {
      "mode": "managed",
      "type": "aws_sqs_queue_policy",
      "name": "sqs_policy",
      "provider": "provider[\"registry.terraform.io/hashicorp/aws\"]",
      "instances": [
        {
          "schema_version": 1,
          "attributes": {
            "id": "https://sqs.us-west-2.amazonaws.com/433735210442/ws_notification_callback",
            "policy": "{\"Version\":\"2012-10-17\",\"Id\":\"sqspolicy\",\"Statement\":[{\"Sid\":\"First\",\"Effect\":\"Allow\",\"Principal\":\"*\",\"Action\":\"sqs:SendMessage\",\"Resource\":\"arn:aws:sqs:us-west-2:433735210442:ws_notification_callback\"}]}",
            "queue_url": "https://sqs.us-west-2.amazonaws.com/433735210442/ws_notification_callback"
          },
          "sensitive_attributes": [],
          "private": "eyJzY2hlbWFfdmVyc2lvbiI6IjEifQ==",
          "dependencies": [
            "aws_sqs_queue.ws_notification_sqs"
          ]
        }
      ]
    }
  ]
}
